
Microsoft Visual Studio Solution File, Format Version 12.00
# Visual Studio Version 17
VisualStudioVersion = 17.9.34616.47
MinimumVisualStudioVersion = 10.0.40219.1
Project("{9A19103F-16F7-4668-BE54-9A1E7A4F7556}") = "ml_test", "ml_test.csproj", "{D7558818-B540-42AF-A286-BD062909534E}"
EndProject
Global
	GlobalSection(SolutionConfigurationPlatforms) = preSolution
		Debug|Any CPU = Debug|Any CPU
		Release|Any CPU = Release|Any CPU
	EndGlobalSection
	GlobalSection(ProjectConfigurationPlatforms) = postSolution
		{D7558818-B540-42AF-A286-BD062909534E}.Debug|Any CPU.ActiveCfg = Debug|Any CPU
		{D7558818-B540-42AF-A286-BD062909534E}.Debug|Any CPU.Build.0 = Debug|Any CPU
		{D7558818-B540-42AF-A286-BD062909534E}.Release|Any CPU.ActiveCfg = Release|Any CPU
		{D7558818-B540-42AF-A286-BD062909534E}.Release|Any CPU.Build.0 = Release|Any CPU
	EndGlobalSection
	GlobalSection(SolutionProperties) = preSolution
		HideSolutionNode = FALSE
	EndGlobalSection
	GlobalSection(ExtensibilityGlobals) = postSolution
		SolutionGuid = {F8F16471-D688-43D1-BBB6-0164570F1841}
	EndGlobalSection
EndGlobal
